
Microsoft Visual Studio Solution File, Format Version 12.00
# Visual Studio Version 16
VisualStudioVersion = 16.0.30114.105
MinimumVisualStudioVersion = 10.0.40219.1
Project("{9A19103F-16F7-4668-BE54-9A1E7A4F7556}") = "MinimalWebApiEF", "MinimalWebApiEF\MinimalWebApiEF.csproj", "{A8EEDAF8-75FD-41D8-B616-F3119D5E4046}"
EndProject
Project("{9A19103F-16F7-4668-BE54-9A1E7A4F7556}") = "MinimalWebApiSwagger", "MinimalWebApiSwagger\MinimalWebApiSwagger.csproj", "{595E2AAF-A474-46E2-8A44-4108193701CC}"
EndProject
Global
	GlobalSection(SolutionConfigurationPlatforms) = preSolution
		Debug|Any CPU = Debug|Any CPU
		Release|Any CPU = Release|Any CPU
	EndGlobalSection
	GlobalSection(ProjectConfigurationPlatforms) = postSolution
		{A8EEDAF8-75FD-41D8-B616-F3119D5E4046}.Debug|Any CPU.ActiveCfg = Debug|Any CPU
		{A8EEDAF8-75FD-41D8-B616-F3119D5E4046}.Debug|Any CPU.Build.0 = Debug|Any CPU
		{A8EEDAF8-75FD-41D8-B616-F3119D5E4046}.Release|Any CPU.ActiveCfg = Release|Any CPU
		{A8EEDAF8-75FD-41D8-B616-F3119D5E4046}.Release|Any CPU.Build.0 = Release|Any CPU
		{595E2AAF-A474-46E2-8A44-4108193701CC}.Debug|Any CPU.ActiveCfg = Debug|Any CPU
		{595E2AAF-A474-46E2-8A44-4108193701CC}.Debug|Any CPU.Build.0 = Debug|Any CPU
		{595E2AAF-A474-46E2-8A44-4108193701CC}.Release|Any CPU.ActiveCfg = Release|Any CPU
		{595E2AAF-A474-46E2-8A44-4108193701CC}.Release|Any CPU.Build.0 = Release|Any CPU
	EndGlobalSection
	GlobalSection(SolutionProperties) = preSolution
		HideSolutionNode = FALSE
	EndGlobalSection
	GlobalSection(ExtensibilityGlobals) = postSolution
		SolutionGuid = {206D7235-7C5F-4B13-B59B-E283360B254C}
	EndGlobalSection
EndGlobal
